{
  "name": "@bsv/wallet-toolbox-mobile",
  "version": "3.0.0-alpha.0",
  "lockfileVersion": 3,
  "requires": true,
  "packages": {
    "": {
      "name": "@bsv/wallet-toolbox-mobile",
      "version": "3.0.0-alpha.0",
      "license": "SEE LICENSE IN license.md",
      "dependencies": {
        "@bsv/sdk": "^2.1.0",
        "hash-wasm": "^4.12.0",
        "idb": "^8.0.2"
      }
    },
    "node_modules/@bsv/sdk": {
      "version": "2.1.0",
      "resolved": "https://registry.npmjs.org/@bsv/sdk/-/sdk-2.1.0.tgz",
      "integrity": "sha512-ByPqadgw0Gi7uJgYMCIFbi2ybnjh72LD7aQaXAmhGIHzDo6/GB7Kta+frOYF5DrislrN+glG+rRkW5cCO7/lzA==",
      "license": "SEE LICENSE IN LICENSE.txt"
    },
    "node_modules/hash-wasm": {
      "version": "4.12.0",
      "resolved": "https://registry.npmjs.org/hash-wasm/-/hash-wasm-4.12.0.tgz",
      "integrity": "sha512-+/2B2rYLb48I/evdOIhP+K/DD2ca2fgBjp6O+GBEnCDk2e4rpeXIK8GvIyRPjTezgmWn9gmKwkQjjx6BtqDHVQ==",
      "license": "MIT"
    },
    "node_modules/idb": {
      "version": "8.0.3",
      "resolved": "https://registry.npmjs.org/idb/-/idb-8.0.3.tgz",
      "integrity": "sha512-LtwtVyVYO5BqRvcsKuB2iUMnHwPVByPCXFXOpuU96IZPPoPN6xjOGxZQ74pgSVVLQWtUOYgyeL4GE98BY5D3wg==",
      "license": "ISC"
    }
  }
}
